
Microsoft Visual Studio Solution File, Format Version 12.00
# Visual Studio Version 17
VisualStudioVersion = 17.3.32929.385
MinimumVisualStudioVersion = 10.0.40219.1
Project("{9A19103F-16F7-4668-BE54-9A1E7A4F7556}") = "openshift-pipeline-app", "openshift-pipeline-app\openshift-pipeline-app.csproj", "{3B50C8DC-F278-43CD-9C3E-846FC70C0532}"
EndProject
Project("{9A19103F-16F7-4668-BE54-9A1E7A4F7556}") = "openshift-pipeline-app-tests", "openshift-pipeline-app-tests\openshift-pipeline-app-tests.csproj", "{D8BE4FC6-8528-40C3-B34C-7071C1B41771}"
EndProject
Project("{2150E333-8FDC-42A3-9474-1A3956D46DE8}") = "ci", "ci", "{5D0C0335-0E3A-47A3-9E85-7B464F9FF818}"
	ProjectSection(SolutionItems) = preProject
		openshift-pipeline.yaml = openshift-pipeline.yaml
	EndProjectSection
EndProject
Global
	GlobalSection(SolutionConfigurationPlatforms) = preSolution
		Debug|Any CPU = Debug|Any CPU
		Release|Any CPU = Release|Any CPU
	EndGlobalSection
	GlobalSection(ProjectConfigurationPlatforms) = postSolution
		{3B50C8DC-F278-43CD-9C3E-846FC70C0532}.Debug|Any CPU.ActiveCfg = Debug|Any CPU
		{3B50C8DC-F278-43CD-9C3E-846FC70C0532}.Debug|Any CPU.Build.0 = Debug|Any CPU
		{3B50C8DC-F278-43CD-9C3E-846FC70C0532}.Release|Any CPU.ActiveCfg = Release|Any CPU
		{3B50C8DC-F278-43CD-9C3E-846FC70C0532}.Release|Any CPU.Build.0 = Release|Any CPU
		{D8BE4FC6-8528-40C3-B34C-7071C1B41771}.Debug|Any CPU.ActiveCfg = Debug|Any CPU
		{D8BE4FC6-8528-40C3-B34C-7071C1B41771}.Debug|Any CPU.Build.0 = Debug|Any CPU
		{D8BE4FC6-8528-40C3-B34C-7071C1B41771}.Release|Any CPU.ActiveCfg = Release|Any CPU
		{D8BE4FC6-8528-40C3-B34C-7071C1B41771}.Release|Any CPU.Build.0 = Release|Any CPU
	EndGlobalSection
	GlobalSection(SolutionProperties) = preSolution
		HideSolutionNode = FALSE
	EndGlobalSection
	GlobalSection(ExtensibilityGlobals) = postSolution
		SolutionGuid = {2025F07E-D79C-4AFD-9405-56E0C993B14C}
	EndGlobalSection
EndGlobal
